
Microsoft Visual Studio Solution File, Format Version 12.00
# Visual Studio Version 17
VisualStudioVersion = 17.0.32112.339
MinimumVisualStudioVersion = 10.0.40219.1
Project("{FAE04EC0-301F-11D3-BF4B-00C04F79EFBC}") = "WinFormsApp1Sep22", "WinFormsApp1Sep22\WinFormsApp1Sep22.csproj", "{AA4ED280-3A59-4661-9A47-BB00240B0303}"
EndProject
Global
	GlobalSection(SolutionConfigurationPlatforms) = preSolution
		Debug|Any CPU = Debug|Any CPU
		Release|Any CPU = Release|Any CPU
	EndGlobalSection
	GlobalSection(ProjectConfigurationPlatforms) = postSolution
		{AA4ED280-3A59-4661-9A47-BB00240B0303}.Debug|Any CPU.ActiveCfg = Debug|Any CPU
		{AA4ED280-3A59-4661-9A47-BB00240B0303}.Debug|Any CPU.Build.0 = Debug|Any CPU
		{AA4ED280-3A59-4661-9A47-BB00240B0303}.Release|Any CPU.ActiveCfg = Release|Any CPU
		{AA4ED280-3A59-4661-9A47-BB00240B0303}.Release|Any CPU.Build.0 = Release|Any CPU
	EndGlobalSection
	GlobalSection(SolutionProperties) = preSolution
		HideSolutionNode = FALSE
	EndGlobalSection
	GlobalSection(ExtensibilityGlobals) = postSolution
		SolutionGuid = {BE5EC425-0579-43BC-A130-A8D0595DAAF6}
	EndGlobalSection
EndGlobal
